github.com/issue9/assert/v3 v3.0.4 h1:WsYZQ6PQmM/pGFrbkn5GIXjWeVZHv+wcl2829UTX1Qc=
github.com/issue9/assert/v3 v3.0.4/go.mod h1:yft/uaskRpwQTyBT3n1zRl91SR1wNlO4fLZHzOa4bdM=
github.com/issue9/sliceutil v0.12.0 h1:5SqNbNqiYrdYd4lfpYAVc5/3MBcB1JXMwDf1iAyViaI=
github.com/issue9/sliceutil v0.12.0/go.mod h1:KdnaZI342DHMrS6AkN0SSxqpFkJ6/4FyPpKm5m6S6Mk=
golang.org/x/text v0.11.0 h1:LAntKIrcmeSKERyiOh0XMV39LXS8IE9UL2yP7+f5ij4=
golang.org/x/text v0.11.0/go.mod h1:TvPlkZtksWOMsz7fbANvkp4WM8x/WCo/om8BMLbz+aE=
