github.com/issue9/assert/v4 v4.1.1 h1:OhPE8SB8n/qZCNGLQa+6MQtr/B3oON0JAVj68k8jJlc=
github.com/issue9/assert/v4 v4.1.1/go.mod h1:v7qDRXi7AsaZZNh8eAK2rkLJg5/clztqQGA1DRv9Lv4=
github.com/issue9/sliceutil v0.16.1 h1:NVZ2feN014oUmMpZvZUrKkKMGhAfzT8WNzJF81krebM=
github.com/issue9/sliceutil v0.16.1/go.mod h1:ldun6sT4/bOJxuMtOXhtc6P7GCwE7L+avV86HNks7qk=
golang.org/x/mod v0.17.0 h1:zY54UmvipHiNd+pm+m0x9KhZ9hl1/7QNMyxXbc6ICqA=
golang.org/x/mod v0.17.0/go.mod h1:hTbmBsO62+eylJbnUtE2MGJUyE7QWk4xUqPFrRgJ+7c=
golang.org/x/sync v0.7.0 h1:YsImfSBoP9QPYL0xyKJPq0gcaJdG3rInoqxTWbfQu9M=
golang.org/x/sync v0.7.0/go.mod h1:Czt+wKu1gCyEFDUtn0jG5QVvpJ6rzVqr5aXyt9drQfk=
golang.org/x/text v0.14.0 h1:ScX5w1eTa3QqT8oi6+ziP7dTV1S2+ALU0bI+0zXKWiQ=
golang.org/x/text v0.14.0/go.mod h1:18ZOQIKpY8NJVqYksKHtTdi31H5itFRjB5/qKTNYzSU=
golang.org/x/tools v0.20.0 h1:hz/CVckiOxybQvFw6h7b/q80NTr9IUQb4s1IIzW7KNY=
golang.org/x/tools v0.20.0/go.mod h1:WvitBU7JJf6A4jOdg4S1tviW9bhUxkgeCui/0JHctQg=
